// !$*UTF8*$!
{
	archiveVersion = 1;
	classes = {
	};
	objectVersion = 46;
	objects = {

/* Begin PBXBuildFile section */
		AC0DEC491FE36DC100476125 /* KYBaseSegmentView.m in Sources */ = {isa = PBXBuildFile; fileRef = AC0DEC431FE36DC100476125 /* KYBaseSegmentView.m */; };
		AC0DEC4A1FE36DC100476125 /* KYSegmentView.m in Sources */ = {isa = PBXBuildFile; fileRef = AC0DEC451FE36DC100476125 /* KYSegmentView.m */; };
		AC0DEC4B1FE36DC100476125 /* UIView+ViewController.m in Sources */ = {isa = PBXBuildFile; fileRef = AC0DEC481FE36DC100476125 /* UIView+ViewController.m */; };
		AC0DEC521FE3A6F900476125 /* TestViewController.m in Sources */ = {isa = PBXBuildFile; fileRef = AC0DEC511FE3A6F900476125 /* TestViewController.m */; };
		AC70404B1FE27EB2004A9B24 /* main.m in Sources */ = {isa = PBXBuildFile; fileRef = AC70404A1FE27EB2004A9B24 /* main.m */; };
		AC70404E1FE27EB2004A9B24 /* AppDelegate.m in Sources */ = {isa = PBXBuildFile; fileRef = AC70404D1FE27EB2004A9B24 /* AppDelegate.m */; };
		AC7040511FE27EB2004A9B24 /* ViewController.m in Sources */ = {isa = PBXBuildFile; fileRef = AC7040501FE27EB2004A9B24 /* ViewController.m */; };
		AC7040541FE27EB2004A9B24 /* Main.storyboard in Resources */ = {isa = PBXBuildFile; fileRef = AC7040521FE27EB2004A9B24 /* Main.storyboard */; };
		AC7040561FE27EB2004A9B24 /* Assets.xcassets in Resources */ = {isa = PBXBuildFile; fileRef = AC7040551FE27EB2004A9B24 /* Assets.xcassets */; };
		AC7040591FE27EB2004A9B24 /* LaunchScreen.storyboard in Resources */ = {isa = PBXBuildFile; fileRef = AC7040571FE27EB2004A9B24 /* LaunchScreen.storyboard */; };
/* End PBXBuildFile section */

/* Begin PBXFileReference section */
		AC0DEC421FE36DC100476125 /* KYBaseSegmentView.h */ = {isa = PBXFileReference; fileEncoding = 4; lastKnownFileType = sourcecode.c.h; path = KYBaseSegmentView.h; sourceTree = "<group>"; };
		AC0DEC431FE36DC100476125 /* KYBaseSegmentView.m */ = {isa = PBXFileReference; fileEncoding = 4; lastKnownFileType = sourcecode.c.objc; path = KYBaseSegmentView.m; sourceTree = "<group>"; };
		AC0DEC441FE36DC100476125 /* KYSegmentView.h */ = {isa = PBXFileReference; fileEncoding = 4; lastKnownFileType = sourcecode.c.h; path = KYSegmentView.h; sourceTree = "<group>"; };
		AC0DEC451FE36DC100476125 /* KYSegmentView.m */ = {isa = PBXFileReference; fileEncoding = 4; lastKnownFileType = sourcecode.c.objc; path = KYSegmentView.m; sourceTree = "<group>"; };
		AC0DEC471FE36DC100476125 /* UIView+ViewController.h */ = {isa = PBXFileReference; fileEncoding = 4; lastKnownFileType = sourcecode.c.h; path = "UIView+ViewController.h"; sourceTree = "<group>"; };
		AC0DEC481FE36DC100476125 /* UIView+ViewController.m */ = {isa = PBXFileReference; fileEncoding = 4; lastKnownFileType = sourcecode.c.objc; path = "UIView+ViewController.m"; sourceTree = "<group>"; };
		AC0DEC501FE3A6F900476125 /* TestViewController.h */ = {isa = PBXFileReference; fileEncoding = 4; lastKnownFileType = sourcecode.c.h; path = TestViewController.h; sourceTree = "<group>"; };
		AC0DEC511FE3A6F900476125 /* TestViewController.m */ = {isa = PBXFileReference; fileEncoding = 4; lastKnownFileType = sourcecode.c.objc; path = TestViewController.m; sourceTree = "<group>"; };
		AC7040461FE27EB2004A9B24 /* KYSegmentView.app */ = {isa = PBXFileReference; explicitFileType = wrapper.application; includeInIndex = 0; path = KYSegmentView.app; sourceTree = BUILT_PRODUCTS_DIR; };
		AC70404A1FE27EB2004A9B24 /* main.m */ = {isa = PBXFileReference; lastKnownFileType = sourcecode.c.objc; path = main.m; sourceTree = "<group>"; };
		AC70404C1FE27EB2004A9B24 /* AppDelegate.h */ = {isa = PBXFileReference; lastKnownFileType = sourcecode.c.h; path = AppDelegate.h; sourceTree = "<group>"; };
		AC70404D1FE27EB2004A9B24 /* AppDelegate.m */ = {isa = PBXFileReference; lastKnownFileType = sourcecode.c.objc; path = AppDelegate.m; sourceTree = "<group>"; };
		AC70404F1FE27EB2004A9B24 /* ViewController.h */ = {isa = PBXFileReference; lastKnownFileType = sourcecode.c.h; path = ViewController.h; sourceTree = "<group>"; };
		AC7040501FE27EB2004A9B24 /* ViewController.m */ = {isa = PBXFileReference; lastKnownFileType = sourcecode.c.objc; path = ViewController.m; sourceTree = "<group>"; };
		AC7040531FE27EB2004A9B24 /* Base */ = {isa = PBXFileReference; lastKnownFileType = file.storyboard; name = Base; path = Base.lproj/Main.storyboard; sourceTree = "<group>"; };
		AC7040551FE27EB2004A9B24 /* Assets.xcassets */ = {isa = PBXFileReference; lastKnownFileType = folder.assetcatalog; path = Assets.xcassets; sourceTree = "<group>"; };
		AC7040581FE27EB2004A9B24 /* Base */ = {isa = PBXFileReference; lastKnownFileType = file.storyboard; name = Base; path = Base.lproj/LaunchScreen.storyboard; sourceTree = "<group>"; };
		AC70405A1FE27EB2004A9B24 /* Info.plist */ = {isa = PBXFileReference; lastKnownFileType = text.plist.xml; path = Info.plist; sourceTree = "<group>"; };
/* End PBXFileReference section */

/* Begin PBXFrameworksBuildPhase section */
		AC7040431FE27EB2004A9B24 /* Frameworks */ = {
			isa = PBXFrameworksBuildPhase;
			buildActionMask = 2147483647;
			files = (
			);
			runOnlyForDeploymentPostprocessing = 0;
		};
/* End PBXFrameworksBuildPhase section */

/* Begin PBXGroup section */
		AC0DEC3E1FE355FF00476125 /* KYSegmentView */ = {
			isa = PBXGroup;
			children = (
				AC0DEC441FE36DC100476125 /* KYSegmentView.h */,
				AC0DEC451FE36DC100476125 /* KYSegmentView.m */,
				AC0DEC421FE36DC100476125 /* KYBaseSegmentView.h */,
				AC0DEC431FE36DC100476125 /* KYBaseSegmentView.m */,
				AC0DEC471FE36DC100476125 /* UIView+ViewController.h */,
				AC0DEC481FE36DC100476125 /* UIView+ViewController.m */,
			);
			path = KYSegmentView;
			sourceTree = "<group>";
		};
		AC70403D1FE27EB2004A9B24 = {
			isa = PBXGroup;
			children = (
				AC7040481FE27EB2004A9B24 /* KYSegmentView */,
				AC7040471FE27EB2004A9B24 /* Products */,
			);
			sourceTree = "<group>";
		};
		AC7040471FE27EB2004A9B24 /* Products */ = {
			isa = PBXGroup;
			children = (
				AC7040461FE27EB2004A9B24 /* KYSegmentView.app */,
			);
			name = Products;
			sourceTree = "<group>";
		};
		AC7040481FE27EB2004A9B24 /* KYSegmentView */ = {
			isa = PBXGroup;
			children = (
				AC70404C1FE27EB2004A9B24 /* AppDelegate.h */,
				AC70404D1FE27EB2004A9B24 /* AppDelegate.m */,
				AC70404F1FE27EB2004A9B24 /* ViewController.h */,
				AC7040501FE27EB2004A9B24 /* ViewController.m */,
				AC0DEC501FE3A6F900476125 /* TestViewController.h */,
				AC0DEC511FE3A6F900476125 /* TestViewController.m */,
				AC0DEC3E1FE355FF00476125 /* KYSegmentView */,
				AC7040521FE27EB2004A9B24 /* Main.storyboard */,
				AC7040551FE27EB2004A9B24 /* Assets.xcassets */,
				AC7040571FE27EB2004A9B24 /* LaunchScreen.storyboard */,
				AC70405A1FE27EB2004A9B24 /* Info.plist */,
				AC7040491FE27EB2004A9B24 /* Supporting Files */,
			);
			path = KYSegmentView;
			sourceTree = "<group>";
		};
		AC7040491FE27EB2004A9B24 /* Supporting Files */ = {
			isa = PBXGroup;
			children = (
				AC70404A1FE27EB2004A9B24 /* main.m */,
			);
			name = "Supporting Files";
			sourceTree = "<group>";
		};
/* End PBXGroup section */

/* Begin PBXNativeTarget section */
		AC7040451FE27EB2004A9B24 /* KYSegmentView */ = {
			isa = PBXNativeTarget;
			buildConfigurationList = AC70405D1FE27EB2004A9B24 /* Build configuration list for PBXNativeTarget "KYSegmentView" */;
			buildPhases = (
				AC7040421FE27EB2004A9B24 /* Sources */,
				AC7040431FE27EB2004A9B24 /* Frameworks */,
				AC7040441FE27EB2004A9B24 /* Resources */,
			);
			buildRules = (
			);
			dependencies = (
			);
			name = KYSegmentView;
			productName = KYSegmentView;
			productReference = AC7040461FE27EB2004A9B24 /* KYSegmentView.app */;
			productType = "com.apple.product-type.application";
		};
/* End PBXNativeTarget section */

/* Begin PBXProject section */
		AC70403E1FE27EB2004A9B24 /* Project object */ = {
			isa = PBXProject;
			attributes = {
				LastUpgradeCheck = 0820;
				ORGANIZATIONNAME = "康义";
				TargetAttributes = {
					AC7040451FE27EB2004A9B24 = {
						CreatedOnToolsVersion = 8.2.1;
						DevelopmentTeam = 6H6RGPGPNQ;
						ProvisioningStyle = Automatic;
					};
				};
			};
			buildConfigurationList = AC7040411FE27EB2004A9B24 /* Build configuration list for PBXProject "KYSegmentView" */;
			compatibilityVersion = "Xcode 3.2";
			developmentRegion = English;
			hasScannedForEncodings = 0;
			knownRegions = (
				en,
				Base,
			);
			mainGroup = AC70403D1FE27EB2004A9B24;
			productRefGroup = AC7040471FE27EB2004A9B24 /* Products */;
			projectDirPath = "";
			projectRoot = "";
			targets = (
				AC7040451FE27EB2004A9B24 /* KYSegmentView */,
			);
		};
/* End PBXProject section */

/* Begin PBXResourcesBuildPhase section */
		AC7040441FE27EB2004A9B24 /* Resources */ = {
			isa = PBXResourcesBuildPhase;
			buildActionMask = 2147483647;
			files = (
				AC7040591FE27EB2004A9B24 /* LaunchScreen.storyboard in Resources */,
				AC7040561FE27EB2004A9B24 /* Assets.xcassets in Resources */,
				AC7040541FE27EB2004A9B24 /* Main.storyboard in Resources */,
			);
			runOnlyForDeploymentPostprocessing = 0;
		};
/* End PBXResourcesBuildPhase section */

/* Begin PBXSourcesBuildPhase section */
		AC7040421FE27EB2004A9B24 /* Sources */ = {
			isa = PBXSourcesBuildPhase;
			buildActionMask = 2147483647;
			files = (
				AC0DEC4A1FE36DC100476125 /* KYSegmentView.m in Sources */,
				AC0DEC4B1FE36DC100476125 /* UIView+ViewController.m in Sources */,
				AC0DEC521FE3A6F900476125 /* TestViewController.m in Sources */,
				AC7040511FE27EB2004A9B24 /* ViewController.m in Sources */,
				AC70404E1FE27EB2004A9B24 /* AppDelegate.m in Sources */,
				AC0DEC491FE36DC100476125 /* KYBaseSegmentView.m in Sources */,
				AC70404B1FE27EB2004A9B24 /* main.m in Sources */,
			);
			runOnlyForDeploymentPostprocessing = 0;
		};
/* End PBXSourcesBuildPhase section */

/* Begin PBXVariantGroup section */
		AC7040521FE27EB2004A9B24 /* Main.storyboard */ = {
			isa = PBXVariantGroup;
			children = (
				AC7040531FE27EB2004A9B24 /* Base */,
			);
			name = Main.storyboard;
			sourceTree = "<group>";
		};
		AC7040571FE27EB2004A9B24 /* LaunchScreen.storyboard */ = {
			isa = PBXVariantGroup;
			children = (
				AC7040581FE27EB2004A9B24 /* Base */,
			);
			name = LaunchScreen.storyboard;
			sourceTree = "<group>";
		};
/* End PBXVariantGroup section */

/* Begin XCBuildConfiguration section */
		AC70405B1FE27EB2004A9B24 /* Debug */ = {
			isa = XCBuildConfiguration;
			buildSettings = {
				ALWAYS_SEARCH_USER_PATHS = NO;
				CLANG_ANALYZER_NONNULL = YES;
				CLANG_CXX_LANGUAGE_STANDARD = "gnu++0x";
				CLANG_CXX_LIBRARY = "libc++";
				CLANG_ENABLE_MODULES = YES;
				CLANG_ENABLE_OBJC_ARC = YES;
				CLANG_WARN_BOOL_CONVERSION = YES;
				CLANG_WARN_CONSTANT_CONVERSION = YES;
				CLANG_WARN_DIRECT_OBJC_ISA_USAGE = YES_ERROR;
				CLANG_WARN_DOCUMENTATION_COMMENTS = YES;
				CLANG_WARN_EMPTY_BODY = YES;
				CLANG_WARN_ENUM_CONVERSION = YES;
				CLANG_WARN_INFINITE_RECURSION = YES;
				CLANG_WARN_INT_CONVERSION = YES;
				CLANG_WARN_OBJC_ROOT_CLASS = YES_ERROR;
				CLANG_WARN_SUSPICIOUS_MOVE = YES;
				CLANG_WARN_UNREACHABLE_CODE = YES;
				CLANG_WARN__DUPLICATE_METHOD_MATCH = YES;
				"CODE_SIGN_IDENTITY[sdk=iphoneos*]" = "iPhone Developer";
				COPY_PHASE_STRIP = NO;
				DEBUG_INFORMATION_FORMAT = dwarf;
				ENABLE_STRICT_OBJC_MSGSEND = YES;
				ENABLE_TESTABILITY = YES;
				GCC_C_LANGUAGE_STANDARD = gnu99;
				GCC_DYNAMIC_NO_PIC = NO;
				GCC_NO_COMMON_BLOCKS = YES;
				GCC_OPTIMIZATION_LEVEL = 0;
				GCC_PREPROCESSOR_DEFINITIONS = (
					"DEBUG=1",
					"$(inherited)",
				);
				GCC_WARN_64_TO_32_BIT_CONVERSION = YES;
				GCC_WARN_ABOUT_RETURN_TYPE = YES_ERROR;
				GCC_WARN_UNDECLARED_SELECTOR = YES;
				GCC_WARN_UNINITIALIZED_AUTOS = YES_AGGRESSIVE;
				GCC_WARN_UNUSED_FUNCTION = YES;
				GCC_WARN_UNUSED_VARIABLE = YES;
				IPHONEOS_DEPLOYMENT_TARGET = 10.2;
				MTL_ENABLE_DEBUG_INFO = YES;
				ONLY_ACTIVE_ARCH = YES;
				SDKROOT = iphoneos;
			};
			name = Debug;
		};
		AC70405C1FE27EB2004A9B24 /* Release */ = {
			isa = XCBuildConfiguration;
			buildSettings = {
				ALWAYS_SEARCH_USER_PATHS = NO;
				CLANG_ANALYZER_NONNULL = YES;
				CLANG_CXX_LANGUAGE_STANDARD = "gnu++0x";
				CLANG_CXX_LIBRARY = "libc++";
				CLANG_ENABLE_MODULES = YES;
				CLANG_ENABLE_OBJC_ARC = YES;
				CLANG_WARN_BOOL_CONVERSION = YES;
				CLANG_WARN_CONSTANT_CONVERSION = YES;
				CLANG_WARN_DIRECT_OBJC_ISA_USAGE = YES_ERROR;
				CLANG_WARN_DOCUMENTATION_COMMENTS = YES;
				CLANG_WARN_EMPTY_BODY = YES;
				CLANG_WARN_ENUM_CONVERSION = YES;
				CLANG_WARN_INFINITE_RECURSION = YES;
				CLANG_WARN_INT_CONVERSION = YES;
				CLANG_WARN_OBJC_ROOT_CLASS = YES_ERROR;
				CLANG_WARN_SUSPICIOUS_MOVE = YES;
				CLANG_WARN_UNREACHABLE_CODE = YES;
				CLANG_WARN__DUPLICATE_METHOD_MATCH = YES;
				"CODE_SIGN_IDENTITY[sdk=iphoneos*]" = "iPhone Developer";
				COPY_PHASE_STRIP = NO;
				DEBUG_INFORMATION_FORMAT = "dwarf-with-dsym";
				ENABLE_NS_ASSERTIONS = NO;
				ENABLE_STRICT_OBJC_MSGSEND = YES;
				GCC_C_LANGUAGE_STANDARD = gnu99;
				GCC_NO_COMMON_BLOCKS = YES;
				GCC_WARN_64_TO_32_BIT_CONVERSION = YES;
				GCC_WARN_ABOUT_RETURN_TYPE = YES_ERROR;
				GCC_WARN_UNDECLARED_SELECTOR = YES;
				GCC_WARN_UNINITIALIZED_AUTOS = YES_AGGRESSIVE;
				GCC_WARN_UNUSED_FUNCTION = YES;
				GCC_WARN_UNUSED_VARIABLE = YES;
				IPHONEOS_DEPLOYMENT_TARGET = 10.2;
				MTL_ENABLE_DEBUG_INFO = NO;
				SDKROOT = iphoneos;
				VALIDATE_PRODUCT = YES;
			};
			name = Release;
		};
		AC70405E1FE27EB2004A9B24 /* Debug */ = {
			isa = XCBuildConfiguration;
			buildSettings = {
				ASSETCATALOG_COMPILER_APPICON_NAME = AppIcon;
				DEVELOPMENT_TEAM = 6H6RGPGPNQ;
				INFOPLIST_FILE = KYSegmentView/Info.plist;
				LD_RUNPATH_SEARCH_PATHS = "$(inherited) @executable_path/Frameworks";
				PRODUCT_BUNDLE_IDENTIFIER = com.kangyi.KYSegmentView;
				PRODUCT_NAME = "$(TARGET_NAME)";
			};
			name = Debug;
		};
		AC70405F1FE27EB2004A9B24 /* Release */ = {
			isa = XCBuildConfiguration;
			buildSettings = {
				ASSETCATALOG_COMPILER_APPICON_NAME = AppIcon;
				DEVELOPMENT_TEAM = 6H6RGPGPNQ;
				INFOPLIST_FILE = KYSegmentView/Info.plist;
				LD_RUNPATH_SEARCH_PATHS = "$(inherited) @executable_path/Frameworks";
				PRODUCT_BUNDLE_IDENTIFIER = com.kangyi.KYSegmentView;
				PRODUCT_NAME = "$(TARGET_NAME)";
			};
			name = Release;
		};
/* End XCBuildConfiguration section */

/* Begin XCConfigurationList section */
		AC7040411FE27EB2004A9B24 /* Build configuration list for PBXProject "KYSegmentView" */ = {
			isa = XCConfigurationList;
			buildConfigurations = (
				AC70405B1FE27EB2004A9B24 /* Debug */,
				AC70405C1FE27EB2004A9B24 /* Release */,
			);
			defaultConfigurationIsVisible = 0;
			defaultConfigurationName = Release;
		};
		AC70405D1FE27EB2004A9B24 /* Build configuration list for PBXNativeTarget "KYSegmentView" */ = {
			isa = XCConfigurationList;
			buildConfigurations = (
				AC70405E1FE27EB2004A9B24 /* Debug */,
				AC70405F1FE27EB2004A9B24 /* Release */,
			);
			defaultConfigurationIsVisible = 0;
			defaultConfigurationName = Release;
		};
/* End XCConfigurationList section */
	};
	rootObject = AC70403E1FE27EB2004A9B24 /* Project object */;
}
